
Microsoft Visual Studio Solution File, Format Version 12.00
# Visual Studio Version 17
VisualStudioVersion = 17.0.32112.339
MinimumVisualStudioVersion = 10.0.40219.1
Project("{9A19103F-16F7-4668-BE54-9A1E7A4F7556}") = "BookShop", "BookShop\BookShop.csproj", "{D0A27992-2C66-4B88-B314-99634BB541EB}"
EndProject
Project("{9A19103F-16F7-4668-BE54-9A1E7A4F7556}") = "Domain", "Domain\Domain.csproj", "{70E5269B-BDF1-454E-8057-AF593C4CDAB0}"
EndProject
Project("{2150E333-8FDC-42A3-9474-1A3956D46DE8}") = "Services", "Services", "{584002A2-0A81-4CC9-ABB5-11339B51D7EF}"
EndProject
Project("{9A19103F-16F7-4668-BE54-9A1E7A4F7556}") = "Abstractions", "Abstractions\Abstractions.csproj", "{6E22E35F-C39F-4591-86C8-E3C95A593483}"
EndProject
Project("{9A19103F-16F7-4668-BE54-9A1E7A4F7556}") = "Services", "Services\Services.csproj", "{FD7C0A71-6E5A-4414-A94D-7F3601450057}"
EndProject
Global
	GlobalSection(SolutionConfigurationPlatforms) = preSolution
		Debug|Any CPU = Debug|Any CPU
		Release|Any CPU = Release|Any CPU
	EndGlobalSection
	GlobalSection(ProjectConfigurationPlatforms) = postSolution
		{D0A27992-2C66-4B88-B314-99634BB541EB}.Debug|Any CPU.ActiveCfg = Release|Any CPU
		{D0A27992-2C66-4B88-B314-99634BB541EB}.Debug|Any CPU.Build.0 = Release|Any CPU
		{D0A27992-2C66-4B88-B314-99634BB541EB}.Release|Any CPU.ActiveCfg = Release|Any CPU
		{D0A27992-2C66-4B88-B314-99634BB541EB}.Release|Any CPU.Build.0 = Release|Any CPU
		{70E5269B-BDF1-454E-8057-AF593C4CDAB0}.Debug|Any CPU.ActiveCfg = Release|Any CPU
		{70E5269B-BDF1-454E-8057-AF593C4CDAB0}.Debug|Any CPU.Build.0 = Release|Any CPU
		{70E5269B-BDF1-454E-8057-AF593C4CDAB0}.Release|Any CPU.ActiveCfg = Release|Any CPU
		{70E5269B-BDF1-454E-8057-AF593C4CDAB0}.Release|Any CPU.Build.0 = Release|Any CPU
		{6E22E35F-C39F-4591-86C8-E3C95A593483}.Debug|Any CPU.ActiveCfg = Release|Any CPU
		{6E22E35F-C39F-4591-86C8-E3C95A593483}.Debug|Any CPU.Build.0 = Release|Any CPU
		{6E22E35F-C39F-4591-86C8-E3C95A593483}.Release|Any CPU.ActiveCfg = Release|Any CPU
		{6E22E35F-C39F-4591-86C8-E3C95A593483}.Release|Any CPU.Build.0 = Release|Any CPU
		{FD7C0A71-6E5A-4414-A94D-7F3601450057}.Debug|Any CPU.ActiveCfg = Release|Any CPU
		{FD7C0A71-6E5A-4414-A94D-7F3601450057}.Debug|Any CPU.Build.0 = Release|Any CPU
		{FD7C0A71-6E5A-4414-A94D-7F3601450057}.Release|Any CPU.ActiveCfg = Release|Any CPU
		{FD7C0A71-6E5A-4414-A94D-7F3601450057}.Release|Any CPU.Build.0 = Release|Any CPU
	EndGlobalSection
	GlobalSection(SolutionProperties) = preSolution
		HideSolutionNode = FALSE
	EndGlobalSection
	GlobalSection(NestedProjects) = preSolution
		{6E22E35F-C39F-4591-86C8-E3C95A593483} = {584002A2-0A81-4CC9-ABB5-11339B51D7EF}
		{FD7C0A71-6E5A-4414-A94D-7F3601450057} = {584002A2-0A81-4CC9-ABB5-11339B51D7EF}
	EndGlobalSection
	GlobalSection(ExtensibilityGlobals) = postSolution
		SolutionGuid = {90C8552E-595C-4425-8F60-F12C286BA134}
	EndGlobalSection
EndGlobal
